{
  "version": 4,
  "terraform_version": "1.12.2",
  "serial": 11,
  "lineage": "2793cfbb-729d-489f-1afd-fb96abdc29cf",
  "outputs": {},
  "resources": [
    {
      "mode": "managed",
      "type": "databricks_cluster",
      "name": "example",
      "provider": "provider[\"registry.terraform.io/databricks/databricks\"]",
      "instances": [
        {
          "schema_version": 2,
          "attributes": {
            "apply_policy_default_values": null,
            "autoscale": [],
            "autotermination_minutes": 30,
            "aws_attributes": [],
            "azure_attributes": [
              {
                "availability": "ON_DEMAND_AZURE",
                "first_on_demand": 1,
                "spot_bid_max_price": -1
              }
            ],
            "cluster_id": "0913-123359-kbhzucaj",
            "cluster_log_conf": [],
            "cluster_mount_info": [],
            "cluster_name": "example-cluster",
            "custom_tags": null,
            "data_security_mode": null,
            "default_tags": {
              "ClusterId": "0913-123359-kbhzucaj",
              "ClusterName": "example-cluster",
              "Creator": "gag4fe@bosch.com",
              "Vendor": "Databricks"
            },
            "docker_image": [],
            "driver_instance_pool_id": null,
            "driver_node_type_id": "Standard_DS3_v2",
            "enable_elastic_disk": true,
            "enable_local_disk_encryption": false,
            "gcp_attributes": [],
            "id": "0913-123359-kbhzucaj",
            "idempotency_token": null,
            "init_scripts": [],
            "instance_pool_id": null,
            "is_pinned": false,
            "library": [],
            "node_type_id": "Standard_DS3_v2",
            "num_workers": 2,
            "policy_id": null,
            "runtime_engine": null,
            "single_user_name": null,
            "spark_conf": null,
            "spark_env_vars": null,
            "spark_version": "16.4.x-scala2.12",
            "ssh_public_keys": null,
            "state": "RUNNING",
            "timeouts": null,
            "url": "https://adb-1042629664363467.7.azuredatabricks.net/#setting/clusters/0913-123359-kbhzucaj/configuration",
            "workload_type": []
          },
          "sensitive_attributes": [],
          "identity_schema_version": 0,
          "private": "eyJlMmJmYjczMC1lY2FhLTExZTYtOGY4OC0zNDM2M2JjN2M0YzAiOnsiY3JlYXRlIjoxODAwMDAwMDAwMDAwLCJkZWxldGUiOjE4MDAwMDAwMDAwMDAsInVwZGF0ZSI6MTgwMDAwMDAwMDAwMH0sInNjaGVtYV92ZXJzaW9uIjoiMiJ9"
        }
      ]
    },
    {
      "mode": "managed",
      "type": "databricks_job",
      "name": "example_job",
      "provider": "provider[\"registry.terraform.io/databricks/databricks\"]",
      "instances": [
        {
          "schema_version": 2,
          "attributes": {
            "always_running": false,
            "dbt_task": [],
            "email_notifications": [
              {
                "alert_on_last_attempt": false,
                "no_alert_for_skipped_runs": false,
                "on_failure": [],
                "on_start": [],
                "on_success": []
              }
            ],
            "existing_cluster_id": "0913-123359-kbhzucaj",
            "format": "SINGLE_TASK",
            "git_source": [],
            "id": "494825868340231",
            "job_cluster": [],
            "library": [],
            "max_concurrent_runs": 1,
            "max_retries": 0,
            "min_retry_interval_millis": 0,
            "name": "example-notebook-job",
            "new_cluster": [],
            "notebook_task": [
              {
                "base_parameters": null,
                "notebook_path": "/Workspace/Users/gag4fe@bosch.com/Testscript.py",
                "source": "WORKSPACE"
              }
            ],
            "pipeline_task": [],
            "python_wheel_task": [],
            "retry_on_timeout": false,
            "schedule": [
              {
                "pause_status": "UNPAUSED",
                "quartz_cron_expression": "0 0 0 * * ?",
                "timezone_id": "UTC"
              }
            ],
            "spark_jar_task": [],
            "spark_python_task": [],
            "spark_submit_task": [],
            "tags": null,
            "task": [],
            "timeout_seconds": 0,
            "timeouts": null,
            "url": "https://adb-1042629664363467.7.azuredatabricks.net/#job/494825868340231",
            "webhook_notifications": [
              {
                "on_failure": [],
                "on_start": [],
                "on_success": []
              }
            ]
          },
          "sensitive_attributes": [],
          "identity_schema_version": 0,
          "private": "eyJlMmJmYjczMC1lY2FhLTExZTYtOGY4OC0zNDM2M2JjN2M0YzAiOnsiY3JlYXRlIjoxODAwMDAwMDAwMDAwLCJ1cGRhdGUiOjE4MDAwMDAwMDAwMDB9LCJzY2hlbWFfdmVyc2lvbiI6IjIifQ==",
          "dependencies": [
            "databricks_cluster.example",
            "databricks_notebook.iactest"
          ]
        }
      ]
    },
    {
      "mode": "managed",
      "type": "databricks_notebook",
      "name": "iactest",
      "provider": "provider[\"registry.terraform.io/databricks/databricks\"]",
      "instances": [
        {
          "schema_version": 1,
          "attributes": {
            "content_base64": null,
            "format": "SOURCE",
            "id": "/Workspace/Users/gag4fe@bosch.com/Testscript.py",
            "language": "PYTHON",
            "md5": "231496871f9a2ed5404086f91b6ef55f",
            "object_id": 2988842247887557,
            "object_type": "NOTEBOOK",
            "path": "/Workspace/Users/gag4fe@bosch.com/Testscript.py",
            "source": "../Notebooks/iac.py",
            "url": "https://adb-1042629664363467.7.azuredatabricks.net/#workspace/Workspace/Users/gag4fe@bosch.com/Testscript.py"
          },
          "sensitive_attributes": [],
          "identity_schema_version": 0,
          "private": "eyJzY2hlbWFfdmVyc2lvbiI6IjEifQ=="
        }
      ]
    },
    {
      "mode": "managed",
      "type": "databricks_secret",
      "name": "example_secret",
      "provider": "provider[\"registry.terraform.io/databricks/databricks\"]",
      "instances": [
        {
          "schema_version": 0,
          "attributes": {
            "config_reference": "{{secrets/taxi-scope/example-key}}",
            "id": "taxi-scope|||example-key",
            "key": "example-key",
            "last_updated_timestamp": 1757767345041,
            "scope": "taxi-scope",
            "string_value": "secret1"
          },
          "sensitive_attributes": [
            [
              {
                "type": "get_attr",
                "value": "string_value"
              }
            ]
          ],
          "identity_schema_version": 0,
          "private": "bnVsbA==",
          "dependencies": [
            "databricks_secret_scope.example_scope"
          ]
        }
      ]
    },
    {
      "mode": "managed",
      "type": "databricks_secret_scope",
      "name": "example_scope",
      "provider": "provider[\"registry.terraform.io/databricks/databricks\"]",
      "instances": [
        {
          "schema_version": 2,
          "attributes": {
            "backend_type": "DATABRICKS",
            "id": "taxi-scope",
            "initial_manage_principal": "users",
            "keyvault_metadata": [],
            "name": "taxi-scope"
          },
          "sensitive_attributes": [],
          "identity_schema_version": 0,
          "private": "eyJzY2hlbWFfdmVyc2lvbiI6IjIifQ=="
        }
      ]
    }
  ],
  "check_results": null
}
